{
  "version": 4,
  "terraform_version": "1.15.2",
  "serial": 156,
  "lineage": "0edbb319-89eb-4334-4e19-6e7df41e3c6b",
  "outputs": {},
  "resources": [
    {
      "module": "module.computing",
      "mode": "managed",
      "type": "azurerm_network_interface",
      "name": "Spoke_nic",
      "provider": "provider[\"registry.terraform.io/hashicorp/azurerm\"]",
      "instances": [
        {
          "schema_version": 0,
          "attributes": {
            "accelerated_networking_enabled": false,
            "applied_dns_servers": [],
            "auxiliary_mode": "",
            "auxiliary_sku": "",
            "dns_servers": [],
            "edge_zone": "",
            "id": "/subscriptions/71bdfdd9-5921-4010-a5e8-09453f314645/resourceGroups/rg-core-resource/providers/Microsoft.Network/networkInterfaces/spoke-nic",
            "internal_dns_name_label": "",
            "internal_domain_name_suffix": "2skjmet1jbkulhpue45kqhkora.ex.internal.cloudapp.net",
            "ip_configuration": [
              {
                "gateway_load_balancer_frontend_ip_configuration_id": "",
                "name": "spoke_vm",
                "primary": true,
                "private_ip_address": "10.0.1.254",
                "private_ip_address_allocation": "Static",
                "private_ip_address_version": "IPv4",
                "public_ip_address_id": "",
                "subnet_id": "/subscriptions/71bdfdd9-5921-4010-a5e8-09453f314645/resourceGroups/rg-core-resource/providers/Microsoft.Network/virtualNetworks/spoke_vnet/subnets/spoke_internal"
              }
            ],
            "ip_forwarding_enabled": false,
            "location": "northcentralus",
            "mac_address": "7C-ED-8D-C8-3E-69",
            "name": "spoke-nic",
            "private_ip_address": "10.0.1.254",
            "private_ip_addresses": [
              "10.0.1.254"
            ],
            "resource_group_name": "rg-core-resource",
            "tags": {},
            "timeouts": null,
            "virtual_machine_id": "/subscriptions/71bdfdd9-5921-4010-a5e8-09453f314645/resourceGroups/rg-core-resource/providers/Microsoft.Compute/virtualMachines/Linux-spoke-vm"
          },
          "sensitive_attributes": [],
          "identity_schema_version": 0,
          "identity": {
            "name": "spoke-nic",
            "resource_group_name": "rg-core-resource",
            "subscription_id": "71bdfdd9-5921-4010-a5e8-09453f314645"
          },
          "private": "eyJlMmJmYjczMC1lY2FhLTExZTYtOGY4OC0zNDM2M2JjN2M0YzAiOnsiY3JlYXRlIjoxODAwMDAwMDAwMDAwLCJkZWxldGUiOjE4MDAwMDAwMDAwMDAsInJlYWQiOjMwMDAwMDAwMDAwMCwidXBkYXRlIjoxODAwMDAwMDAwMDAwfX0=",
          "dependencies": [
            "module.computing.azurerm_resource_group.rg",
            "module.network.azurerm_resource_group.rg",
            "module.network.azurerm_subnet.spoke_internal",
            "module.network.azurerm_virtual_network.spoke_vnet"
          ]
        }
      ]
    },
    {
      "module": "module.computing",
      "mode": "managed",
      "type": "azurerm_network_interface",
      "name": "core_nic",
      "provider": "provider[\"registry.terraform.io/hashicorp/azurerm\"]",
      "instances": [
        {
          "schema_version": 0,
          "attributes": {
            "accelerated_networking_enabled": false,
            "applied_dns_servers": [],
            "auxiliary_mode": "",
            "auxiliary_sku": "",
            "dns_servers": [],
            "edge_zone": "",
            "id": "/subscriptions/71bdfdd9-5921-4010-a5e8-09453f314645/resourceGroups/rg-core-resource/providers/Microsoft.Network/networkInterfaces/core-nic",
            "internal_dns_name_label": "",
            "internal_domain_name_suffix": "qxqhz5u3pkluhdglipvv5cuqbd.ex.internal.cloudapp.net",
            "ip_configuration": [
              {
                "gateway_load_balancer_frontend_ip_configuration_id": "",
                "name": "core_vm",
                "primary": true,
                "private_ip_address": "10.0.0.254",
                "private_ip_address_allocation": "Static",
                "private_ip_address_version": "IPv4",
                "public_ip_address_id": "",
                "subnet_id": "/subscriptions/71bdfdd9-5921-4010-a5e8-09453f314645/resourceGroups/rg-core-resource/providers/Microsoft.Network/virtualNetworks/core_vnet/subnets/core_internal"
              }
            ],
            "ip_forwarding_enabled": false,
            "location": "northcentralus",
            "mac_address": "",
            "name": "core-nic",
            "private_ip_address": "10.0.0.254",
            "private_ip_addresses": [
              "10.0.0.254"
            ],
            "resource_group_name": "rg-core-resource",
            "tags": {},
            "timeouts": null,
            "virtual_machine_id": ""
          },
          "sensitive_attributes": [],
          "identity_schema_version": 0,
          "identity": {
            "name": "core-nic",
            "resource_group_name": "rg-core-resource",
            "subscription_id": "71bdfdd9-5921-4010-a5e8-09453f314645"
          },
          "private": "eyJlMmJmYjczMC1lY2FhLTExZTYtOGY4OC0zNDM2M2JjN2M0YzAiOnsiY3JlYXRlIjoxODAwMDAwMDAwMDAwLCJkZWxldGUiOjE4MDAwMDAwMDAwMDAsInJlYWQiOjMwMDAwMDAwMDAwMCwidXBkYXRlIjoxODAwMDAwMDAwMDAwfX0=",
          "dependencies": [
            "module.computing.azurerm_resource_group.rg",
            "module.network.azurerm_resource_group.rg",
            "module.network.azurerm_subnet.core_internal",
            "module.network.azurerm_virtual_network.core_vnet"
          ]
        }
      ]
    },
    {
      "module": "module.computing",
      "mode": "managed",
      "type": "azurerm_resource_group",
      "name": "rg",
      "provider": "provider[\"registry.terraform.io/hashicorp/azurerm\"]",
      "instances": [
        {
          "schema_version": 0,
          "attributes": {
            "id": "/subscriptions/71bdfdd9-5921-4010-a5e8-09453f314645/resourceGroups/rg-core-resource",
            "location": "northcentralus",
            "managed_by": "",
            "name": "rg-core-resource",
            "tags": {},
            "timeouts": null
          },
          "sensitive_attributes": [],
          "identity_schema_version": 0,
          "identity": {
            "name": "rg-core-resource",
            "subscription_id": "71bdfdd9-5921-4010-a5e8-09453f314645"
          },
          "private": "eyJlMmJmYjczMC1lY2FhLTExZTYtOGY4OC0zNDM2M2JjN2M0YzAiOnsiY3JlYXRlIjo1NDAwMDAwMDAwMDAwLCJkZWxldGUiOjU0MDAwMDAwMDAwMDAsInJlYWQiOjMwMDAwMDAwMDAwMCwidXBkYXRlIjo1NDAwMDAwMDAwMDAwfX0="
        }
      ]
    },
    {
      "module": "module.computing",
      "mode": "managed",
      "type": "azurerm_virtual_machine",
      "name": "spoke_linux_vm",
      "provider": "provider[\"registry.terraform.io/hashicorp/azurerm\"]",
      "instances": [
        {
          "schema_version": 0,
          "attributes": {
            "additional_capabilities": [],
            "availability_set_id": null,
            "boot_diagnostics": [],
            "delete_data_disks_on_termination": false,
            "delete_os_disk_on_termination": false,
            "id": "/subscriptions/71bdfdd9-5921-4010-a5e8-09453f314645/resourceGroups/rg-core-resource/providers/Microsoft.Compute/virtualMachines/Linux-spoke-vm",
            "identity": [],
            "license_type": null,
            "location": "northcentralus",
            "name": "Linux-spoke-vm",
            "network_interface_ids": [
              "/subscriptions/71bdfdd9-5921-4010-a5e8-09453f314645/resourceGroups/rg-core-resource/providers/Microsoft.Network/networkInterfaces/spoke-nic"
            ],
            "os_profile": [
              {
                "admin_password": "",
                "admin_username": "spokeadmin",
                "computer_name": "spokeuser",
                "custom_data": ""
              }
            ],
            "os_profile_linux_config": [
              {
                "disable_password_authentication": false,
                "ssh_keys": []
              }
            ],
            "os_profile_secrets": [],
            "os_profile_windows_config": [],
            "plan": [],
            "primary_network_interface_id": null,
            "proximity_placement_group_id": null,
            "resource_group_name": "rg-core-resource",
            "storage_data_disk": [],
            "storage_image_reference": [
              {
                "id": "",
                "offer": "0001-com-ubuntu-server-jammy",
                "publisher": "Canonical",
                "sku": "22_04-lts",
                "version": "latest"
              }
            ],
            "storage_os_disk": [
              {
                "caching": "ReadWrite",
                "create_option": "FromImage",
                "disk_size_gb": 30,
                "image_uri": "",
                "managed_disk_id": "/subscriptions/71bdfdd9-5921-4010-a5e8-09453f314645/resourceGroups/rg-core-resource/providers/Microsoft.Compute/disks/myosdisk1",
                "managed_disk_type": "Standard_LRS",
                "name": "spoke_storage_disk",
                "os_type": "Linux",
                "vhd_uri": "",
                "write_accelerator_enabled": false
              }
            ],
            "tags": {},
            "timeouts": null,
            "vm_size": "Standard_D2s_v3",
            "zones": []
          },
          "sensitive_attributes": [
            [
              {
                "type": "get_attr",
                "value": "os_profile"
              }
            ]
          ],
          "identity_schema_version": 0,
          "private": "eyJlMmJmYjczMC1lY2FhLTExZTYtOGY4OC0zNDM2M2JjN2M0YzAiOnsiY3JlYXRlIjozNjAwMDAwMDAwMDAwLCJkZWxldGUiOjM2MDAwMDAwMDAwMDAsInJlYWQiOjMwMDAwMDAwMDAwMCwidXBkYXRlIjozNjAwMDAwMDAwMDAwfX0=",
          "dependencies": [
            "module.computing.azurerm_network_interface.Spoke_nic",
            "module.computing.azurerm_resource_group.rg",
            "module.network.azurerm_resource_group.rg",
            "module.network.azurerm_subnet.spoke_internal",
            "module.network.azurerm_virtual_network.spoke_vnet"
          ]
        }
      ]
    },
    {
      "module": "module.network",
      "mode": "managed",
      "type": "azurerm_network_security_group",
      "name": "Allows_in_core",
      "provider": "provider[\"registry.terraform.io/hashicorp/azurerm\"]",
      "instances": [
        {
          "schema_version": 0,
          "attributes": {
            "id": "/subscriptions/71bdfdd9-5921-4010-a5e8-09453f314645/resourceGroups/rg-core-resource/providers/Microsoft.Network/networkSecurityGroups/Allows_in_core",
            "location": "northcentralus",
            "name": "Allows_in_core",
            "resource_group_name": "rg-core-resource",
            "security_rule": [
              {
                "access": "Allow",
                "description": "",
                "destination_address_prefix": "*",
                "destination_address_prefixes": [],
                "destination_application_security_group_ids": [],
                "destination_port_range": "*",
                "destination_port_ranges": [],
                "direction": "Inbound",
                "name": "Allow-ICMP",
                "priority": 110,
                "protocol": "Icmp",
                "source_address_prefix": "*",
                "source_address_prefixes": [],
                "source_application_security_group_ids": [],
                "source_port_range": "*",
                "source_port_ranges": []
              },
              {
                "access": "Allow",
                "description": "",
                "destination_address_prefix": "*",
                "destination_address_prefixes": [],
                "destination_application_security_group_ids": [],
                "destination_port_range": "22",
                "destination_port_ranges": [],
                "direction": "Inbound",
                "name": "Allow-SSH",
                "priority": 100,
                "protocol": "Tcp",
                "source_address_prefix": "*",
                "source_address_prefixes": [],
                "source_application_security_group_ids": [],
                "source_port_range": "*",
                "source_port_ranges": []
              }
            ],
            "tags": {},
            "timeouts": null
          },
          "sensitive_attributes": [],
          "identity_schema_version": 0,
          "identity": {
            "name": "Allows_in_core",
            "resource_group_name": "rg-core-resource",
            "subscription_id": "71bdfdd9-5921-4010-a5e8-09453f314645"
          },
          "private": "eyJlMmJmYjczMC1lY2FhLTExZTYtOGY4OC0zNDM2M2JjN2M0YzAiOnsiY3JlYXRlIjoxODAwMDAwMDAwMDAwLCJkZWxldGUiOjE4MDAwMDAwMDAwMDAsInJlYWQiOjMwMDAwMDAwMDAwMCwidXBkYXRlIjoxODAwMDAwMDAwMDAwfX0=",
          "dependencies": [
            "module.network.azurerm_resource_group.rg"
          ]
        }
      ]
    },
    {
      "module": "module.network",
      "mode": "managed",
      "type": "azurerm_network_security_group",
      "name": "Allows_in_spoke",
      "provider": "provider[\"registry.terraform.io/hashicorp/azurerm\"]",
      "instances": [
        {
          "schema_version": 0,
          "attributes": {
            "id": "/subscriptions/71bdfdd9-5921-4010-a5e8-09453f314645/resourceGroups/rg-core-resource/providers/Microsoft.Network/networkSecurityGroups/Allows_in_spoke",
            "location": "northcentralus",
            "name": "Allows_in_spoke",
            "resource_group_name": "rg-core-resource",
            "security_rule": [
              {
                "access": "Allow",
                "description": "",
                "destination_address_prefix": "*",
                "destination_address_prefixes": [],
                "destination_application_security_group_ids": [],
                "destination_port_range": "*",
                "destination_port_ranges": [],
                "direction": "Inbound",
                "name": "Allow-ICMP",
                "priority": 110,
                "protocol": "Icmp",
                "source_address_prefix": "*",
                "source_address_prefixes": [],
                "source_application_security_group_ids": [],
                "source_port_range": "*",
                "source_port_ranges": []
              },
              {
                "access": "Allow",
                "description": "",
                "destination_address_prefix": "*",
                "destination_address_prefixes": [],
                "destination_application_security_group_ids": [],
                "destination_port_range": "22",
                "destination_port_ranges": [],
                "direction": "Inbound",
                "name": "Allow-SSH",
                "priority": 100,
                "protocol": "Tcp",
                "source_address_prefix": "*",
                "source_address_prefixes": [],
                "source_application_security_group_ids": [],
                "source_port_range": "*",
                "source_port_ranges": []
              }
            ],
            "tags": {},
            "timeouts": null
          },
          "sensitive_attributes": [],
          "identity_schema_version": 0,
          "identity": {
            "name": "Allows_in_spoke",
            "resource_group_name": "rg-core-resource",
            "subscription_id": "71bdfdd9-5921-4010-a5e8-09453f314645"
          },
          "private": "eyJlMmJmYjczMC1lY2FhLTExZTYtOGY4OC0zNDM2M2JjN2M0YzAiOnsiY3JlYXRlIjoxODAwMDAwMDAwMDAwLCJkZWxldGUiOjE4MDAwMDAwMDAwMDAsInJlYWQiOjMwMDAwMDAwMDAwMCwidXBkYXRlIjoxODAwMDAwMDAwMDAwfX0=",
          "dependencies": [
            "module.network.azurerm_resource_group.rg"
          ]
        }
      ]
    },
    {
      "module": "module.network",
      "mode": "managed",
      "type": "azurerm_resource_group",
      "name": "rg",
      "provider": "provider[\"registry.terraform.io/hashicorp/azurerm\"]",
      "instances": [
        {
          "schema_version": 0,
          "attributes": {
            "id": "/subscriptions/71bdfdd9-5921-4010-a5e8-09453f314645/resourceGroups/rg-core-resource",
            "location": "northcentralus",
            "managed_by": "",
            "name": "rg-core-resource",
            "tags": {},
            "timeouts": null
          },
          "sensitive_attributes": [],
          "identity_schema_version": 0,
          "identity": {
            "name": "rg-core-resource",
            "subscription_id": "71bdfdd9-5921-4010-a5e8-09453f314645"
          },
          "private": "eyJlMmJmYjczMC1lY2FhLTExZTYtOGY4OC0zNDM2M2JjN2M0YzAiOnsiY3JlYXRlIjo1NDAwMDAwMDAwMDAwLCJkZWxldGUiOjU0MDAwMDAwMDAwMDAsInJlYWQiOjMwMDAwMDAwMDAwMCwidXBkYXRlIjo1NDAwMDAwMDAwMDAwfX0="
        }
      ]
    },
    {
      "module": "module.network",
      "mode": "managed",
      "type": "azurerm_subnet",
      "name": "core_internal",
      "provider": "provider[\"registry.terraform.io/hashicorp/azurerm\"]",
      "instances": [
        {
          "schema_version": 0,
          "attributes": {
            "address_prefixes": [
              "10.0.0.0/24"
            ],
            "default_outbound_access_enabled": true,
            "delegation": [],
            "id": "/subscriptions/71bdfdd9-5921-4010-a5e8-09453f314645/resourceGroups/rg-core-resource/providers/Microsoft.Network/virtualNetworks/core_vnet/subnets/core_internal",
            "ip_address_pool": [],
            "name": "core_internal",
            "private_endpoint_network_policies": "Disabled",
            "private_link_service_network_policies_enabled": true,
            "resource_group_name": "rg-core-resource",
            "service_endpoint_policy_ids": [],
            "service_endpoints": [],
            "sharing_scope": "",
            "timeouts": null,
            "virtual_network_name": "core_vnet"
          },
          "sensitive_attributes": [],
          "identity_schema_version": 0,
          "identity": {
            "name": "core_internal",
            "resource_group_name": "rg-core-resource",
            "subscription_id": "71bdfdd9-5921-4010-a5e8-09453f314645",
            "virtual_network_name": "core_vnet"
          },
          "private": "eyJlMmJmYjczMC1lY2FhLTExZTYtOGY4OC0zNDM2M2JjN2M0YzAiOnsiY3JlYXRlIjoxODAwMDAwMDAwMDAwLCJkZWxldGUiOjE4MDAwMDAwMDAwMDAsInJlYWQiOjMwMDAwMDAwMDAwMCwidXBkYXRlIjoxODAwMDAwMDAwMDAwfX0=",
          "dependencies": [
            "module.network.azurerm_resource_group.rg",
            "module.network.azurerm_virtual_network.core_vnet"
          ]
        }
      ]
    },
    {
      "module": "module.network",
      "mode": "managed",
      "type": "azurerm_subnet",
      "name": "spoke_internal",
      "provider": "provider[\"registry.terraform.io/hashicorp/azurerm\"]",
      "instances": [
        {
          "schema_version": 0,
          "attributes": {
            "address_prefixes": [
              "10.0.1.0/24"
            ],
            "default_outbound_access_enabled": true,
            "delegation": [],
            "id": "/subscriptions/71bdfdd9-5921-4010-a5e8-09453f314645/resourceGroups/rg-core-resource/providers/Microsoft.Network/virtualNetworks/spoke_vnet/subnets/spoke_internal",
            "ip_address_pool": [],
            "name": "spoke_internal",
            "private_endpoint_network_policies": "Disabled",
            "private_link_service_network_policies_enabled": true,
            "resource_group_name": "rg-core-resource",
            "service_endpoint_policy_ids": [],
            "service_endpoints": [],
            "sharing_scope": "",
            "timeouts": null,
            "virtual_network_name": "spoke_vnet"
          },
          "sensitive_attributes": [],
          "identity_schema_version": 0,
          "identity": {
            "name": "spoke_internal",
            "resource_group_name": "rg-core-resource",
            "subscription_id": "71bdfdd9-5921-4010-a5e8-09453f314645",
            "virtual_network_name": "spoke_vnet"
          },
          "private": "eyJlMmJmYjczMC1lY2FhLTExZTYtOGY4OC0zNDM2M2JjN2M0YzAiOnsiY3JlYXRlIjoxODAwMDAwMDAwMDAwLCJkZWxldGUiOjE4MDAwMDAwMDAwMDAsInJlYWQiOjMwMDAwMDAwMDAwMCwidXBkYXRlIjoxODAwMDAwMDAwMDAwfX0=",
          "dependencies": [
            "module.network.azurerm_resource_group.rg",
            "module.network.azurerm_virtual_network.spoke_vnet"
          ]
        }
      ]
    },
    {
      "module": "module.network",
      "mode": "managed",
      "type": "azurerm_virtual_network",
      "name": "core_vnet",
      "provider": "provider[\"registry.terraform.io/hashicorp/azurerm\"]",
      "instances": [
        {
          "schema_version": 0,
          "attributes": {
            "address_space": [
              "10.0.0.0/24"
            ],
            "bgp_community": "",
            "ddos_protection_plan": [],
            "dns_servers": [],
            "edge_zone": "",
            "encryption": [],
            "flow_timeout_in_minutes": 0,
            "guid": "fe7ce085-7a9d-4397-8ccb-43eb5f8a900b",
            "id": "/subscriptions/71bdfdd9-5921-4010-a5e8-09453f314645/resourceGroups/rg-core-resource/providers/Microsoft.Network/virtualNetworks/core_vnet",
            "ip_address_pool": [],
            "location": "northcentralus",
            "name": "core_vnet",
            "private_endpoint_vnet_policies": "Disabled",
            "resource_group_name": "rg-core-resource",
            "subnet": [
              {
                "address_prefixes": [
                  "10.0.0.0/24"
                ],
                "default_outbound_access_enabled": true,
                "delegation": [],
                "id": "/subscriptions/71bdfdd9-5921-4010-a5e8-09453f314645/resourceGroups/rg-core-resource/providers/Microsoft.Network/virtualNetworks/core_vnet/subnets/core_internal",
                "name": "core_internal",
                "private_endpoint_network_policies": "Disabled",
                "private_link_service_network_policies_enabled": true,
                "route_table_id": "",
                "security_group": "",
                "service_endpoint_policy_ids": [],
                "service_endpoints": []
              }
            ],
            "tags": {},
            "timeouts": null
          },
          "sensitive_attributes": [],
          "identity_schema_version": 0,
          "identity": {
            "name": "core_vnet",
            "resource_group_name": "rg-core-resource",
            "subscription_id": "71bdfdd9-5921-4010-a5e8-09453f314645"
          },
          "private": "eyJlMmJmYjczMC1lY2FhLTExZTYtOGY4OC0zNDM2M2JjN2M0YzAiOnsiY3JlYXRlIjoxODAwMDAwMDAwMDAwLCJkZWxldGUiOjE4MDAwMDAwMDAwMDAsInJlYWQiOjMwMDAwMDAwMDAwMCwidXBkYXRlIjoxODAwMDAwMDAwMDAwfX0=",
          "dependencies": [
            "module.network.azurerm_resource_group.rg"
          ]
        }
      ]
    },
    {
      "module": "module.network",
      "mode": "managed",
      "type": "azurerm_virtual_network",
      "name": "spoke_vnet",
      "provider": "provider[\"registry.terraform.io/hashicorp/azurerm\"]",
      "instances": [
        {
          "schema_version": 0,
          "attributes": {
            "address_space": [
              "10.0.1.0/24"
            ],
            "bgp_community": "",
            "ddos_protection_plan": [],
            "dns_servers": [],
            "edge_zone": "",
            "encryption": [],
            "flow_timeout_in_minutes": 0,
            "guid": "129694e4-487b-4555-9df4-27bea81d4e88",
            "id": "/subscriptions/71bdfdd9-5921-4010-a5e8-09453f314645/resourceGroups/rg-core-resource/providers/Microsoft.Network/virtualNetworks/spoke_vnet",
            "ip_address_pool": [],
            "location": "northcentralus",
            "name": "spoke_vnet",
            "private_endpoint_vnet_policies": "Disabled",
            "resource_group_name": "rg-core-resource",
            "subnet": [
              {
                "address_prefixes": [
                  "10.0.1.0/24"
                ],
                "default_outbound_access_enabled": true,
                "delegation": [],
                "id": "/subscriptions/71bdfdd9-5921-4010-a5e8-09453f314645/resourceGroups/rg-core-resource/providers/Microsoft.Network/virtualNetworks/spoke_vnet/subnets/spoke_internal",
                "name": "spoke_internal",
                "private_endpoint_network_policies": "Disabled",
                "private_link_service_network_policies_enabled": true,
                "route_table_id": "",
                "security_group": "",
                "service_endpoint_policy_ids": [],
                "service_endpoints": []
              }
            ],
            "tags": {},
            "timeouts": null
          },
          "sensitive_attributes": [],
          "identity_schema_version": 0,
          "identity": {
            "name": "spoke_vnet",
            "resource_group_name": "rg-core-resource",
            "subscription_id": "71bdfdd9-5921-4010-a5e8-09453f314645"
          },
          "private": "eyJlMmJmYjczMC1lY2FhLTExZTYtOGY4OC0zNDM2M2JjN2M0YzAiOnsiY3JlYXRlIjoxODAwMDAwMDAwMDAwLCJkZWxldGUiOjE4MDAwMDAwMDAwMDAsInJlYWQiOjMwMDAwMDAwMDAwMCwidXBkYXRlIjoxODAwMDAwMDAwMDAwfX0=",
          "dependencies": [
            "module.network.azurerm_resource_group.rg"
          ]
        }
      ]
    },
    {
      "module": "module.network",
      "mode": "managed",
      "type": "azurerm_virtual_network_peering",
      "name": "CoreVnet-SpokeVnet",
      "provider": "provider[\"registry.terraform.io/hashicorp/azurerm\"]",
      "instances": [
        {
          "schema_version": 0,
          "attributes": {
            "allow_forwarded_traffic": false,
            "allow_gateway_transit": false,
            "allow_virtual_network_access": true,
            "id": "/subscriptions/71bdfdd9-5921-4010-a5e8-09453f314645/resourceGroups/rg-core-resource/providers/Microsoft.Network/virtualNetworks/core_vnet/virtualNetworkPeerings/CoreVnet-SpokeVnet",
            "local_subnet_names": [],
            "name": "CoreVnet-SpokeVnet",
            "only_ipv6_peering_enabled": false,
            "peer_complete_virtual_networks_enabled": true,
            "remote_subnet_names": [],
            "remote_virtual_network_id": "/subscriptions/71bdfdd9-5921-4010-a5e8-09453f314645/resourceGroups/rg-core-resource/providers/Microsoft.Network/virtualNetworks/spoke_vnet",
            "resource_group_name": "rg-core-resource",
            "timeouts": null,
            "triggers": null,
            "use_remote_gateways": false,
            "virtual_network_name": "core_vnet"
          },
          "sensitive_attributes": [],
          "identity_schema_version": 0,
          "identity": {
            "name": "CoreVnet-SpokeVnet",
            "resource_group_name": "rg-core-resource",
            "subscription_id": "71bdfdd9-5921-4010-a5e8-09453f314645",
            "virtual_network_name": "core_vnet"
          },
          "private": "eyJlMmJmYjczMC1lY2FhLTExZTYtOGY4OC0zNDM2M2JjN2M0YzAiOnsiY3JlYXRlIjoxODAwMDAwMDAwMDAwLCJkZWxldGUiOjE4MDAwMDAwMDAwMDAsInJlYWQiOjMwMDAwMDAwMDAwMCwidXBkYXRlIjoxODAwMDAwMDAwMDAwfX0=",
          "dependencies": [
            "module.network.azurerm_resource_group.rg",
            "module.network.azurerm_virtual_network.core_vnet",
            "module.network.azurerm_virtual_network.spoke_vnet"
          ]
        }
      ]
    },
    {
      "module": "module.network",
      "mode": "managed",
      "type": "azurerm_virtual_network_peering",
      "name": "SpokeVnet-CoreVnet",
      "provider": "provider[\"registry.terraform.io/hashicorp/azurerm\"]",
      "instances": [
        {
          "schema_version": 0,
          "attributes": {
            "allow_forwarded_traffic": false,
            "allow_gateway_transit": false,
            "allow_virtual_network_access": true,
            "id": "/subscriptions/71bdfdd9-5921-4010-a5e8-09453f314645/resourceGroups/rg-core-resource/providers/Microsoft.Network/virtualNetworks/spoke_vnet/virtualNetworkPeerings/SpokeVnet-CoreVnet",
            "local_subnet_names": [],
            "name": "SpokeVnet-CoreVnet",
            "only_ipv6_peering_enabled": false,
            "peer_complete_virtual_networks_enabled": true,
            "remote_subnet_names": [],
            "remote_virtual_network_id": "/subscriptions/71bdfdd9-5921-4010-a5e8-09453f314645/resourceGroups/rg-core-resource/providers/Microsoft.Network/virtualNetworks/core_vnet",
            "resource_group_name": "rg-core-resource",
            "timeouts": null,
            "triggers": null,
            "use_remote_gateways": false,
            "virtual_network_name": "spoke_vnet"
          },
          "sensitive_attributes": [],
          "identity_schema_version": 0,
          "identity": {
            "name": "SpokeVnet-CoreVnet",
            "resource_group_name": "rg-core-resource",
            "subscription_id": "71bdfdd9-5921-4010-a5e8-09453f314645",
            "virtual_network_name": "spoke_vnet"
          },
          "private": "eyJlMmJmYjczMC1lY2FhLTExZTYtOGY4OC0zNDM2M2JjN2M0YzAiOnsiY3JlYXRlIjoxODAwMDAwMDAwMDAwLCJkZWxldGUiOjE4MDAwMDAwMDAwMDAsInJlYWQiOjMwMDAwMDAwMDAwMCwidXBkYXRlIjoxODAwMDAwMDAwMDAwfX0=",
          "dependencies": [
            "module.network.azurerm_resource_group.rg",
            "module.network.azurerm_virtual_network.core_vnet",
            "module.network.azurerm_virtual_network.spoke_vnet"
          ]
        }
      ]
    }
  ],
  "check_results": null
}
